
Microsoft Visual Studio Solution File, Format Version 12.00
# Visual Studio 2017
Project("{FAE04EC0-301F-11D3-BF4B-00C04F79EFBC}") = "2DPlatformer_By_Antti", "2DPlatformer_By_Antti.csproj", "{563996AF-5D47-40BD-3BA0-9EC24706F4FA}"
EndProject
Global
	GlobalSection(SolutionConfigurationPlatforms) = preSolution
		Debug|Any CPU = Debug|Any CPU
		Release|Any CPU = Release|Any CPU
	EndGlobalSection
	GlobalSection(ProjectConfigurationPlatforms) = postSolution
		{563996AF-5D47-40BD-3BA0-9EC24706F4FA}.Debug|Any CPU.ActiveCfg = Debug|Any CPU
		{563996AF-5D47-40BD-3BA0-9EC24706F4FA}.Debug|Any CPU.Build.0 = Debug|Any CPU
		{563996AF-5D47-40BD-3BA0-9EC24706F4FA}.Release|Any CPU.ActiveCfg = Release|Any CPU
		{563996AF-5D47-40BD-3BA0-9EC24706F4FA}.Release|Any CPU.Build.0 = Release|Any CPU
	EndGlobalSection
	GlobalSection(SolutionProperties) = preSolution
		HideSolutionNode = FALSE
	EndGlobalSection
EndGlobal
